{
  "object": {
    "pins": [
      {
        "package": "RealmDatabase",
        "repositoryURL": "https://github.com/realm/realm-core",
        "state": {
          "branch": null,
          "revision": "c569bec4d04da84030d94f376437bc4efda3686b",
          "version": "13.23.1"
        }
      },
      {
        "package": "Realm",
        "repositoryURL": "https://github.com/realm/realm-swift",
        "state": {
          "branch": null,
          "revision": "fd199ce07edb4db69e862f74151b95602aad3b43",
          "version": "10.44.0"
        }
      }
    ]
  },
  "version": 1
}
